{
  "lib/forge-std": {
    "tag": {
      "name": "v1.9.7",
      "rev": "77041d2ce690e692d6e03cc812b57d1ddaa4d505"
    }
  },
  "lib/layerzero-v2": {
    "rev": "63bbd31584c588844de33678bf8dd61d879cba14"
  },
  "lib/layerzero-devtools": {
    "rev": "6050ecd5d7f685cdf82ad438c1ed837ac616c2cb"
  },
  "lib/erc7575-tests": {
    "rev": "0177c6495a543d47a59cf140cae3337deb530aa5"
  },
  "lib/solady": {
    "tag": {
      "name": "v0.1.24",
      "rev": "a5bb996e91aae5b0c068087af7594d92068b12f1"
    }
  },
  "lib/openzeppelin-contracts": {
    "tag": {
      "name": "v5.4.0",
      "rev": "c64a1edb67b6e3f4a15cca8909c9482ad33a02b0"
    }
  }
}